
Microsoft Visual Studio Solution File, Format Version 12.00
# Visual Studio Version 16
VisualStudioVersion = 16.0.31624.102
MinimumVisualStudioVersion = 10.0.40219.1
Project("{FAE04EC0-301F-11D3-BF4B-00C04F79EFBC}") = "MigrationExample08_02_2022", "MigrationExample08_02_2022\MigrationExample08_02_2022.csproj", "{C8EEC29D-75C2-4A5E-BD81-2F7C057AD751}"
EndProject
Global
	GlobalSection(SolutionConfigurationPlatforms) = preSolution
		Debug|Any CPU = Debug|Any CPU
		Release|Any CPU = Release|Any CPU
	EndGlobalSection
	GlobalSection(ProjectConfigurationPlatforms) = postSolution
		{C8EEC29D-75C2-4A5E-BD81-2F7C057AD751}.Debug|Any CPU.ActiveCfg = Debug|Any CPU
		{C8EEC29D-75C2-4A5E-BD81-2F7C057AD751}.Debug|Any CPU.Build.0 = Debug|Any CPU
		{C8EEC29D-75C2-4A5E-BD81-2F7C057AD751}.Release|Any CPU.ActiveCfg = Release|Any CPU
		{C8EEC29D-75C2-4A5E-BD81-2F7C057AD751}.Release|Any CPU.Build.0 = Release|Any CPU
	EndGlobalSection
	GlobalSection(SolutionProperties) = preSolution
		HideSolutionNode = FALSE
	EndGlobalSection
	GlobalSection(ExtensibilityGlobals) = postSolution
		SolutionGuid = {47C8C37D-EC33-4A97-ABF6-B68F34ABF450}
	EndGlobalSection
EndGlobal
